// !$*UTF8*$!
{
	archiveVersion = 1;
	classes = {
	};
	objectVersion = 46;
	objects = {

/* Begin PBXBuildFile section */
		04488BA9E1CB4DA4CC175786 /* Info.plist in Resources */ = {isa = PBXBuildFile; fileRef = 0C93EE1CBD73747137B62CA0 /* Info.plist */; };
		5320EDB1295B1B02D58E108A /* Foundation.framework in Frameworks */ = {isa = PBXBuildFile; fileRef = 313D3B76187E4ED42B3A8124 /* Foundation.framework */; };
		6A12A87C7F325983F7BBAF1E /* ContentView.swift in Sources */ = {isa = PBXBuildFile; fileRef = FA106046AB74A1C6F21891A2 /* ContentView.swift */; };
		6F6A3B5D0C28B211276130D4 /* scratchpadApp.swift in Sources */ = {isa = PBXBuildFile; fileRef = 6C8969291EFEB2BC1C8AE30A /* scratchpadApp.swift */; };
		98176F2E97EB74F40F6DC1DE /* Preview Assets.xcassets in Resources */ = {isa = PBXBuildFile; fileRef = F3B80C69B32CEED40111C2DE /* Preview Assets.xcassets */; };
		AE59BCD0D69F9F81F3B53EC8 /* UIKit.framework in Frameworks */ = {isa = PBXBuildFile; fileRef = 811A77EC9ADD8B14D3B75CF0 /* UIKit.framework */; };
		E708D64C92A5E24E2827D7C6 /* Assets.xcassets in Resources */ = {isa = PBXBuildFile; fileRef = 4CF2F2A2D06C75AACF6E815F /* Assets.xcassets */; };
/* End PBXBuildFile section */

/* Begin PBXFileReference section */
		0C93EE1CBD73747137B62CA0 /* Info.plist */ = {isa = PBXFileReference; includeInIndex = 1; lastKnownFileType = text.plist.xml; path = Info.plist; sourceTree = "<group>"; };
		313D3B76187E4ED42B3A8124 /* Foundation.framework */ = {isa = PBXFileReference; lastKnownFileType = wrapper.framework; name = Foundation.framework; path = Platforms/iPhoneOS.platform/Developer/SDKs/iPhoneOS14.0.sdk/System/Library/Frameworks/Foundation.framework; sourceTree = DEVELOPER_DIR; };
		4CF2F2A2D06C75AACF6E815F /* Assets.xcassets */ = {isa = PBXFileReference; includeInIndex = 1; lastKnownFileType = folder.assetcatalog; path = Assets.xcassets; sourceTree = "<group>"; };
		6C8969291EFEB2BC1C8AE30A /* scratchpadApp.swift */ = {isa = PBXFileReference; includeInIndex = 1; lastKnownFileType = sourcecode.swift; path = scratchpadApp.swift; sourceTree = "<group>"; };
		811A77EC9ADD8B14D3B75CF0 /* UIKit.framework */ = {isa = PBXFileReference; lastKnownFileType = wrapper.framework; name = UIKit.framework; path = Platforms/iPhoneOS.platform/Developer/SDKs/iPhoneOS14.0.sdk/System/Library/Frameworks/UIKit.framework; sourceTree = DEVELOPER_DIR; };
		8406D67A4C28E04AE591D0A5 /* scratchpad.app */ = {isa = PBXFileReference; explicitFileType = wrapper.application; includeInIndex = 0; path = scratchpad.app; sourceTree = BUILT_PRODUCTS_DIR; };
		F3B80C69B32CEED40111C2DE /* Preview Assets.xcassets */ = {isa = PBXFileReference; includeInIndex = 1; lastKnownFileType = folder.assetcatalog; path = "Preview Assets.xcassets"; sourceTree = "<group>"; };
		FA106046AB74A1C6F21891A2 /* ContentView.swift */ = {isa = PBXFileReference; includeInIndex = 1; lastKnownFileType = sourcecode.swift; path = ContentView.swift; sourceTree = "<group>"; };
/* End PBXFileReference section */

/* Begin PBXFrameworksBuildPhase section */
		CA43055B89870E55F8435344 /* Frameworks */ = {
			isa = PBXFrameworksBuildPhase;
			buildActionMask = 2147483647;
			files = (
				5320EDB1295B1B02D58E108A /* Foundation.framework in Frameworks */,
				AE59BCD0D69F9F81F3B53EC8 /* UIKit.framework in Frameworks */,
			);
			runOnlyForDeploymentPostprocessing = 0;
		};
/* End PBXFrameworksBuildPhase section */

/* Begin PBXGroup section */
		0DC9CEE713F39C8347C7941C /* Frameworks */ = {
			isa = PBXGroup;
			children = (
				C936B3A81F310B74E2137A92 /* iOS */,
			);
			name = Frameworks;
			sourceTree = "<group>";
		};
		15E8BA0240CF1DCD33295F6B /* Preview Content */ = {
			isa = PBXGroup;
			children = (
				F3B80C69B32CEED40111C2DE /* Preview Assets.xcassets */,
			);
			name = "Preview Content";
			path = "Preview Content";
			sourceTree = "<group>";
		};
		890876AFAEC3ED20C40F857E /* scratchpad */ = {
			isa = PBXGroup;
			children = (
				4CF2F2A2D06C75AACF6E815F /* Assets.xcassets */,
				15E8BA0240CF1DCD33295F6B /* Preview Content */,
				6C8969291EFEB2BC1C8AE30A /* scratchpadApp.swift */,
				FA106046AB74A1C6F21891A2 /* ContentView.swift */,
				0C93EE1CBD73747137B62CA0 /* Info.plist */,
			);
			name = scratchpad;
			path = scratchpad;
			sourceTree = "<group>";
		};
		C82803C5876360C3A7825C11 /* Products */ = {
			isa = PBXGroup;
			children = (
				8406D67A4C28E04AE591D0A5 /* scratchpad.app */,
			);
			name = Products;
			sourceTree = "<group>";
		};
		C936B3A81F310B74E2137A92 /* iOS */ = {
			isa = PBXGroup;
			children = (
				313D3B76187E4ED42B3A8124 /* Foundation.framework */,
				811A77EC9ADD8B14D3B75CF0 /* UIKit.framework */,
			);
			name = iOS;
			sourceTree = "<group>";
		};
		D680E2ED71F63B7941692B90 = {
			isa = PBXGroup;
			children = (
				C82803C5876360C3A7825C11 /* Products */,
				890876AFAEC3ED20C40F857E /* scratchpad */,
				0DC9CEE713F39C8347C7941C /* Frameworks */,
			);
			sourceTree = "<group>";
		};
/* End PBXGroup section */

/* Begin PBXNativeTarget section */
		B33942870E43E81F2013FACE /* scratchpad */ = {
			isa = PBXNativeTarget;
			buildConfigurationList = 9E05B9804D75FDECBC48C62B /* Build configuration list for PBXNativeTarget "scratchpad" */;
			buildPhases = (
				D3406EA6381B7F22EA1F98C0 /* Resources */,
				C3CFDD682CD3D374079D2B14 /* Sources */,
				CA43055B89870E55F8435344 /* Frameworks */,
			);
			buildRules = (
			);
			dependencies = (
			);
			name = scratchpad;
			productName = scratchpad;
			productReference = 8406D67A4C28E04AE591D0A5 /* scratchpad.app */;
			productType = "com.apple.product-type.application";
		};
/* End PBXNativeTarget section */

/* Begin PBXProject section */
		65ED145C9C7B747341C3007C /* Project object */ = {
			isa = PBXProject;
			attributes = {
				CLASSPREFIX = APP;
				LastSwiftUpdateCheck = 1100;
				LastUpgradeCheck = 1100;
			};
			buildConfigurationList = AF393BF559280894B567835E /* Build configuration list for PBXProject "scratchpad" */;
			compatibilityVersion = "Xcode 3.2";
			developmentRegion = en;
			hasScannedForEncodings = 0;
			knownRegions = (
				en,
				Base,
			);
			mainGroup = D680E2ED71F63B7941692B90;
			productRefGroup = C82803C5876360C3A7825C11 /* Products */;
			projectDirPath = "";
			projectRoot = "";
			targets = (
				B33942870E43E81F2013FACE /* scratchpad */,
			);
		};
/* End PBXProject section */

/* Begin PBXResourcesBuildPhase section */
		D3406EA6381B7F22EA1F98C0 /* Resources */ = {
			isa = PBXResourcesBuildPhase;
			buildActionMask = 2147483647;
			files = (
				E708D64C92A5E24E2827D7C6 /* Assets.xcassets in Resources */,
				98176F2E97EB74F40F6DC1DE /* Preview Assets.xcassets in Resources */,
				04488BA9E1CB4DA4CC175786 /* Info.plist in Resources */,
			);
			runOnlyForDeploymentPostprocessing = 0;
		};
/* End PBXResourcesBuildPhase section */

/* Begin PBXSourcesBuildPhase section */
		C3CFDD682CD3D374079D2B14 /* Sources */ = {
			isa = PBXSourcesBuildPhase;
			buildActionMask = 2147483647;
			files = (
				6F6A3B5D0C28B211276130D4 /* scratchpadApp.swift in Sources */,
				6A12A87C7F325983F7BBAF1E /* ContentView.swift in Sources */,
			);
			runOnlyForDeploymentPostprocessing = 0;
		};
/* End PBXSourcesBuildPhase section */

/* Begin XCBuildConfiguration section */
		23BC31AE5B88E64306672463 /* Debug */ = {
			isa = XCBuildConfiguration;
			buildSettings = {
				ALWAYS_SEARCH_USER_PATHS = NO;
				CLANG_ANALYZER_NONNULL = YES;
				CLANG_ANALYZER_NUMBER_OBJECT_CONVERSION = YES_AGGRESSIVE;
				CLANG_CXX_LANGUAGE_STANDARD = "gnu++14";
				CLANG_CXX_LIBRARY = "libc++";
				CLANG_ENABLE_MODULES = YES;
				CLANG_ENABLE_OBJC_ARC = YES;
				CLANG_ENABLE_OBJC_WEAK = YES;
				CLANG_WARN_BLOCK_CAPTURE_AUTORELEASING = YES;
				CLANG_WARN_BOOL_CONVERSION = YES;
				CLANG_WARN_COMMA = YES;
				CLANG_WARN_CONSTANT_CONVERSION = YES;
				CLANG_WARN_DEPRECATED_OBJC_IMPLEMENTATIONS = YES;
				CLANG_WARN_DIRECT_OBJC_ISA_USAGE = YES_ERROR;
				CLANG_WARN_DOCUMENTATION_COMMENTS = YES;
				CLANG_WARN_EMPTY_BODY = YES;
				CLANG_WARN_ENUM_CONVERSION = YES;
				CLANG_WARN_INFINITE_RECURSION = YES;
				CLANG_WARN_INT_CONVERSION = YES;
				CLANG_WARN_NON_LITERAL_NULL_CONVERSION = YES;
				CLANG_WARN_OBJC_IMPLICIT_RETAIN_SELF = YES;
				CLANG_WARN_OBJC_LITERAL_CONVERSION = YES;
				CLANG_WARN_OBJC_ROOT_CLASS = YES_ERROR;
				CLANG_WARN_QUOTED_INCLUDE_IN_FRAMEWORK_HEADER = YES;
				CLANG_WARN_RANGE_LOOP_ANALYSIS = YES;
				CLANG_WARN_STRICT_PROTOTYPES = YES;
				CLANG_WARN_SUSPICIOUS_MOVE = YES;
				CLANG_WARN_UNGUARDED_AVAILABILITY = YES_AGGRESSIVE;
				CLANG_WARN_UNREACHABLE_CODE = YES;
				CLANG_WARN__DUPLICATE_METHOD_MATCH = YES;
				COPY_PHASE_STRIP = NO;
				DEBUG_INFORMATION_FORMAT = dwarf;
				ENABLE_STRICT_OBJC_MSGSEND = YES;
				ENABLE_TESTABILITY = YES;
				GCC_C_LANGUAGE_STANDARD = gnu11;
				GCC_DYNAMIC_NO_PIC = NO;
				GCC_NO_COMMON_BLOCKS = YES;
				GCC_OPTIMIZATION_LEVEL = 0;
				GCC_PREPROCESSOR_DEFINITIONS = (
					"DEBUG=1",
					"$(inherited)",
				);
				GCC_WARN_64_TO_32_BIT_CONVERSION = YES;
				GCC_WARN_ABOUT_RETURN_TYPE = YES_ERROR;
				GCC_WARN_UNDECLARED_SELECTOR = YES;
				GCC_WARN_UNINITIALIZED_AUTOS = YES_AGGRESSIVE;
				GCC_WARN_UNUSED_FUNCTION = YES;
				GCC_WARN_UNUSED_VARIABLE = YES;
				MTL_ENABLE_DEBUG_INFO = INCLUDE_SOURCE;
				MTL_FAST_MATH = YES;
				ONLY_ACTIVE_ARCH = YES;
				PRODUCT_NAME = "$(TARGET_NAME)";
				SWIFT_ACTIVE_COMPILATION_CONDITIONS = DEBUG;
				SWIFT_OPTIMIZATION_LEVEL = "-Onone";
				SWIFT_VERSION = 5.0;
			};
			name = Debug;
		};
		6D9CA6BD0987FB1C622B6E2B /* Release */ = {
			isa = XCBuildConfiguration;
			buildSettings = {
				ALWAYS_SEARCH_USER_PATHS = NO;
				CLANG_ANALYZER_NONNULL = YES;
				CLANG_ANALYZER_NUMBER_OBJECT_CONVERSION = YES_AGGRESSIVE;
				CLANG_CXX_LANGUAGE_STANDARD = "gnu++14";
				CLANG_CXX_LIBRARY = "libc++";
				CLANG_ENABLE_MODULES = YES;
				CLANG_ENABLE_OBJC_ARC = YES;
				CLANG_ENABLE_OBJC_WEAK = YES;
				CLANG_WARN_BLOCK_CAPTURE_AUTORELEASING = YES;
				CLANG_WARN_BOOL_CONVERSION = YES;
				CLANG_WARN_COMMA = YES;
				CLANG_WARN_CONSTANT_CONVERSION = YES;
				CLANG_WARN_DEPRECATED_OBJC_IMPLEMENTATIONS = YES;
				CLANG_WARN_DIRECT_OBJC_ISA_USAGE = YES_ERROR;
				CLANG_WARN_DOCUMENTATION_COMMENTS = YES;
				CLANG_WARN_EMPTY_BODY = YES;
				CLANG_WARN_ENUM_CONVERSION = YES;
				CLANG_WARN_INFINITE_RECURSION = YES;
				CLANG_WARN_INT_CONVERSION = YES;
				CLANG_WARN_NON_LITERAL_NULL_CONVERSION = YES;
				CLANG_WARN_OBJC_IMPLICIT_RETAIN_SELF = YES;
				CLANG_WARN_OBJC_LITERAL_CONVERSION = YES;
				CLANG_WARN_OBJC_ROOT_CLASS = YES_ERROR;
				CLANG_WARN_QUOTED_INCLUDE_IN_FRAMEWORK_HEADER = YES;
				CLANG_WARN_RANGE_LOOP_ANALYSIS = YES;
				CLANG_WARN_STRICT_PROTOTYPES = YES;
				CLANG_WARN_SUSPICIOUS_MOVE = YES;
				CLANG_WARN_UNGUARDED_AVAILABILITY = YES_AGGRESSIVE;
				CLANG_WARN_UNREACHABLE_CODE = YES;
				CLANG_WARN__DUPLICATE_METHOD_MATCH = YES;
				COPY_PHASE_STRIP = NO;
				DEBUG_INFORMATION_FORMAT = "dwarf-with-dsym";
				ENABLE_NS_ASSERTIONS = NO;
				ENABLE_STRICT_OBJC_MSGSEND = YES;
				GCC_C_LANGUAGE_STANDARD = gnu11;
				GCC_NO_COMMON_BLOCKS = YES;
				GCC_WARN_64_TO_32_BIT_CONVERSION = YES;
				GCC_WARN_ABOUT_RETURN_TYPE = YES_ERROR;
				GCC_WARN_UNDECLARED_SELECTOR = YES;
				GCC_WARN_UNINITIALIZED_AUTOS = YES_AGGRESSIVE;
				GCC_WARN_UNUSED_FUNCTION = YES;
				GCC_WARN_UNUSED_VARIABLE = YES;
				MTL_ENABLE_DEBUG_INFO = NO;
				MTL_FAST_MATH = YES;
				PRODUCT_NAME = "$(TARGET_NAME)";
				SWIFT_COMPILATION_MODE = wholemodule;
				SWIFT_OPTIMIZATION_LEVEL = "-O";
				SWIFT_VERSION = 5.0;
			};
			name = Release;
		};
		82F51E3037B52889E62C70C2 /* Debug */ = {
			isa = XCBuildConfiguration;
			buildSettings = {
				ASSETCATALOG_COMPILER_APPICON_NAME = AppIcon;
				ASSETCATALOG_COMPILER_GLOBAL_ACCENT_COLOR_NAME = AccentColor;
				DEVELOPMENT_TEAM = 8XM6SK89ZM;
				INFOPLIST_FILE = scratch/Info.plist;
				IPHONEOS_DEPLOYMENT_TARGET = 9.0;
				LD_RUNPATH_SEARCH_PATHS = "$(inherited) @executable_path/Frameworks";
				PRODUCT_BUNDLE_IDENTIFIER = com.yourcompany.yourapp;
				SDKROOT = iphoneos;
				SWIFT_OPTIMIZATION_LEVEL = "-Onone";
				TARGETED_DEVICE_FAMILY = "1,2";
			};
			name = Debug;
		};
		B5CE3DE8F0D9778F08B2A0A3 /* Release */ = {
			isa = XCBuildConfiguration;
			buildSettings = {
				ASSETCATALOG_COMPILER_APPICON_NAME = AppIcon;
				ASSETCATALOG_COMPILER_GLOBAL_ACCENT_COLOR_NAME = AccentColor;
				DEVELOPMENT_TEAM = 8XM6SK89ZM;
				INFOPLIST_FILE = scratch/Info.plist;
				IPHONEOS_DEPLOYMENT_TARGET = 9.0;
				LD_RUNPATH_SEARCH_PATHS = "$(inherited) @executable_path/Frameworks";
				PRODUCT_BUNDLE_IDENTIFIER = com.yourcompany.yourapp;
				SDKROOT = iphoneos;
				TARGETED_DEVICE_FAMILY = "1,2";
				VALIDATE_PRODUCT = YES;
			};
			name = Release;
		};
/* End XCBuildConfiguration section */

/* Begin XCConfigurationList section */
		9E05B9804D75FDECBC48C62B /* Build configuration list for PBXNativeTarget "scratchpad" */ = {
			isa = XCConfigurationList;
			buildConfigurations = (
				82F51E3037B52889E62C70C2 /* Debug */,
				B5CE3DE8F0D9778F08B2A0A3 /* Release */,
			);
			defaultConfigurationIsVisible = 0;
			defaultConfigurationName = Release;
		};
		AF393BF559280894B567835E /* Build configuration list for PBXProject "scratchpad" */ = {
			isa = XCConfigurationList;
			buildConfigurations = (
				23BC31AE5B88E64306672463 /* Debug */,
				6D9CA6BD0987FB1C622B6E2B /* Release */,
			);
			defaultConfigurationIsVisible = 0;
			defaultConfigurationName = Release;
		};
/* End XCConfigurationList section */
	};
	rootObject = 65ED145C9C7B747341C3007C /* Project object */;
}
